// !$*UTF8*$!
{
	archiveVersion = 1;
	classes = {
	};
	objectVersion = 56;
	objects = {

/* Begin PBXBuildFile section */
		B77149E9292ECF7900160A82 /* DescriptionViewController.swift in Sources */ = {isa = PBXBuildFile; fileRef = B77149E8292ECF7900160A82 /* DescriptionViewController.swift */; };
		B7BBDBE6292C3D4B00CCBDFB /* AppDelegate.swift in Sources */ = {isa = PBXBuildFile; fileRef = B7BBDBE5292C3D4B00CCBDFB /* AppDelegate.swift */; };
		B7BBDBE8292C3D4B00CCBDFB /* SceneDelegate.swift in Sources */ = {isa = PBXBuildFile; fileRef = B7BBDBE7292C3D4B00CCBDFB /* SceneDelegate.swift */; };
		B7BBDBEA292C3D4B00CCBDFB /* MainViewController.swift in Sources */ = {isa = PBXBuildFile; fileRef = B7BBDBE9292C3D4B00CCBDFB /* MainViewController.swift */; };
		B7BBDBEF292C3D4C00CCBDFB /* Assets.xcassets in Resources */ = {isa = PBXBuildFile; fileRef = B7BBDBEE292C3D4C00CCBDFB /* Assets.xcassets */; };
		B7BBDBF2292C3D4C00CCBDFB /* LaunchScreen.storyboard in Resources */ = {isa = PBXBuildFile; fileRef = B7BBDBF0292C3D4C00CCBDFB /* LaunchScreen.storyboard */; };
		B7BBDBFE292C42AF00CCBDFB /* Model.swift in Sources */ = {isa = PBXBuildFile; fileRef = B7BBDBFD292C42AF00CCBDFB /* Model.swift */; };
		B7BBDC00292C42CB00CCBDFB /* NetworkManager.swift in Sources */ = {isa = PBXBuildFile; fileRef = B7BBDBFF292C42CB00CCBDFB /* NetworkManager.swift */; };
		B7BBDC04292C479600CCBDFB /* TableViewCell.swift in Sources */ = {isa = PBXBuildFile; fileRef = B7BBDC03292C479600CCBDFB /* TableViewCell.swift */; };
		B7BBDC06292C48DA00CCBDFB /* UiView.swift in Sources */ = {isa = PBXBuildFile; fileRef = B7BBDC05292C48DA00CCBDFB /* UiView.swift */; };
/* End PBXBuildFile section */

/* Begin PBXFileReference section */
		B77149E8292ECF7900160A82 /* DescriptionViewController.swift */ = {isa = PBXFileReference; lastKnownFileType = sourcecode.swift; path = DescriptionViewController.swift; sourceTree = "<group>"; };
		B7BBDBE2292C3D4B00CCBDFB /* BreakingBadApp.app */ = {isa = PBXFileReference; explicitFileType = wrapper.application; includeInIndex = 0; path = BreakingBadApp.app; sourceTree = BUILT_PRODUCTS_DIR; };
		B7BBDBE5292C3D4B00CCBDFB /* AppDelegate.swift */ = {isa = PBXFileReference; lastKnownFileType = sourcecode.swift; path = AppDelegate.swift; sourceTree = "<group>"; };
		B7BBDBE7292C3D4B00CCBDFB /* SceneDelegate.swift */ = {isa = PBXFileReference; lastKnownFileType = sourcecode.swift; path = SceneDelegate.swift; sourceTree = "<group>"; };
		B7BBDBE9292C3D4B00CCBDFB /* MainViewController.swift */ = {isa = PBXFileReference; lastKnownFileType = sourcecode.swift; path = MainViewController.swift; sourceTree = "<group>"; };
		B7BBDBEE292C3D4C00CCBDFB /* Assets.xcassets */ = {isa = PBXFileReference; lastKnownFileType = folder.assetcatalog; path = Assets.xcassets; sourceTree = "<group>"; };
		B7BBDBF1292C3D4C00CCBDFB /* Base */ = {isa = PBXFileReference; lastKnownFileType = file.storyboard; name = Base; path = Base.lproj/LaunchScreen.storyboard; sourceTree = "<group>"; };
		B7BBDBF3292C3D4C00CCBDFB /* Info.plist */ = {isa = PBXFileReference; lastKnownFileType = text.plist.xml; path = Info.plist; sourceTree = "<group>"; };
		B7BBDBFD292C42AF00CCBDFB /* Model.swift */ = {isa = PBXFileReference; lastKnownFileType = sourcecode.swift; path = Model.swift; sourceTree = "<group>"; };
		B7BBDBFF292C42CB00CCBDFB /* NetworkManager.swift */ = {isa = PBXFileReference; lastKnownFileType = sourcecode.swift; path = NetworkManager.swift; sourceTree = "<group>"; };
		B7BBDC03292C479600CCBDFB /* TableViewCell.swift */ = {isa = PBXFileReference; lastKnownFileType = sourcecode.swift; path = TableViewCell.swift; sourceTree = "<group>"; };
		B7BBDC05292C48DA00CCBDFB /* UiView.swift */ = {isa = PBXFileReference; lastKnownFileType = sourcecode.swift; path = UiView.swift; sourceTree = "<group>"; };
/* End PBXFileReference section */

/* Begin PBXFrameworksBuildPhase section */
		B7BBDBDF292C3D4B00CCBDFB /* Frameworks */ = {
			isa = PBXFrameworksBuildPhase;
			buildActionMask = 2147483647;
			files = (
			);
			runOnlyForDeploymentPostprocessing = 0;
		};
/* End PBXFrameworksBuildPhase section */

/* Begin PBXGroup section */
		B7BBDBD9292C3D4B00CCBDFB = {
			isa = PBXGroup;
			children = (
				B7BBDBE4292C3D4B00CCBDFB /* BreakingBadApp */,
				B7BBDBE3292C3D4B00CCBDFB /* Products */,
			);
			sourceTree = "<group>";
		};
		B7BBDBE3292C3D4B00CCBDFB /* Products */ = {
			isa = PBXGroup;
			children = (
				B7BBDBE2292C3D4B00CCBDFB /* BreakingBadApp.app */,
			);
			name = Products;
			sourceTree = "<group>";
		};
		B7BBDBE4292C3D4B00CCBDFB /* BreakingBadApp */ = {
			isa = PBXGroup;
			children = (
				B7BBDBFA292C422E00CCBDFB /* ViewControllers */,
				B7BBDC01292C474D00CCBDFB /* Views */,
				B7BBDBFB292C424F00CCBDFB /* Models */,
				B7BBDBFC292C425B00CCBDFB /* Services */,
				B7BBDBF9292C421D00CCBDFB /* App */,
				B7BBDBEE292C3D4C00CCBDFB /* Assets.xcassets */,
				B7BBDBF0292C3D4C00CCBDFB /* LaunchScreen.storyboard */,
				B7BBDBF3292C3D4C00CCBDFB /* Info.plist */,
			);
			path = BreakingBadApp;
			sourceTree = "<group>";
		};
		B7BBDBF9292C421D00CCBDFB /* App */ = {
			isa = PBXGroup;
			children = (
				B7BBDBE7292C3D4B00CCBDFB /* SceneDelegate.swift */,
				B7BBDBE5292C3D4B00CCBDFB /* AppDelegate.swift */,
			);
			path = App;
			sourceTree = "<group>";
		};
		B7BBDBFA292C422E00CCBDFB /* ViewControllers */ = {
			isa = PBXGroup;
			children = (
				B7BBDBE9292C3D4B00CCBDFB /* MainViewController.swift */,
				B77149E8292ECF7900160A82 /* DescriptionViewController.swift */,
			);
			path = ViewControllers;
			sourceTree = "<group>";
		};
		B7BBDBFB292C424F00CCBDFB /* Models */ = {
			isa = PBXGroup;
			children = (
				B7BBDBFD292C42AF00CCBDFB /* Model.swift */,
			);
			path = Models;
			sourceTree = "<group>";
		};
		B7BBDBFC292C425B00CCBDFB /* Services */ = {
			isa = PBXGroup;
			children = (
				B7BBDBFF292C42CB00CCBDFB /* NetworkManager.swift */,
			);
			path = Services;
			sourceTree = "<group>";
		};
		B7BBDC01292C474D00CCBDFB /* Views */ = {
			isa = PBXGroup;
			children = (
				B7BBDC03292C479600CCBDFB /* TableViewCell.swift */,
				B7BBDC05292C48DA00CCBDFB /* UiView.swift */,
			);
			path = Views;
			sourceTree = "<group>";
		};
/* End PBXGroup section */

/* Begin PBXNativeTarget section */
		B7BBDBE1292C3D4B00CCBDFB /* BreakingBadApp */ = {
			isa = PBXNativeTarget;
			buildConfigurationList = B7BBDBF6292C3D4C00CCBDFB /* Build configuration list for PBXNativeTarget "BreakingBadApp" */;
			buildPhases = (
				B7BBDBDE292C3D4B00CCBDFB /* Sources */,
				B7BBDBDF292C3D4B00CCBDFB /* Frameworks */,
				B7BBDBE0292C3D4B00CCBDFB /* Resources */,
			);
			buildRules = (
			);
			dependencies = (
			);
			name = BreakingBadApp;
			productName = BreakingBadApp;
			productReference = B7BBDBE2292C3D4B00CCBDFB /* BreakingBadApp.app */;
			productType = "com.apple.product-type.application";
		};
/* End PBXNativeTarget section */

/* Begin PBXProject section */
		B7BBDBDA292C3D4B00CCBDFB /* Project object */ = {
			isa = PBXProject;
			attributes = {
				BuildIndependentTargetsInParallel = 1;
				LastSwiftUpdateCheck = 1400;
				LastUpgradeCheck = 1400;
				TargetAttributes = {
					B7BBDBE1292C3D4B00CCBDFB = {
						CreatedOnToolsVersion = 14.0.1;
					};
				};
			};
			buildConfigurationList = B7BBDBDD292C3D4B00CCBDFB /* Build configuration list for PBXProject "BreakingBadApp" */;
			compatibilityVersion = "Xcode 14.0";
			developmentRegion = en;
			hasScannedForEncodings = 0;
			knownRegions = (
				en,
				Base,
			);
			mainGroup = B7BBDBD9292C3D4B00CCBDFB;
			productRefGroup = B7BBDBE3292C3D4B00CCBDFB /* Products */;
			projectDirPath = "";
			projectRoot = "";
			targets = (
				B7BBDBE1292C3D4B00CCBDFB /* BreakingBadApp */,
			);
		};
/* End PBXProject section */

/* Begin PBXResourcesBuildPhase section */
		B7BBDBE0292C3D4B00CCBDFB /* Resources */ = {
			isa = PBXResourcesBuildPhase;
			buildActionMask = 2147483647;
			files = (
				B7BBDBF2292C3D4C00CCBDFB /* LaunchScreen.storyboard in Resources */,
				B7BBDBEF292C3D4C00CCBDFB /* Assets.xcassets in Resources */,
			);
			runOnlyForDeploymentPostprocessing = 0;
		};
/* End PBXResourcesBuildPhase section */

/* Begin PBXSourcesBuildPhase section */
		B7BBDBDE292C3D4B00CCBDFB /* Sources */ = {
			isa = PBXSourcesBuildPhase;
			buildActionMask = 2147483647;
			files = (
				B7BBDC06292C48DA00CCBDFB /* UiView.swift in Sources */,
				B7BBDBEA292C3D4B00CCBDFB /* MainViewController.swift in Sources */,
				B7BBDBE6292C3D4B00CCBDFB /* AppDelegate.swift in Sources */,
				B7BBDC00292C42CB00CCBDFB /* NetworkManager.swift in Sources */,
				B7BBDC04292C479600CCBDFB /* TableViewCell.swift in Sources */,
				B77149E9292ECF7900160A82 /* DescriptionViewController.swift in Sources */,
				B7BBDBE8292C3D4B00CCBDFB /* SceneDelegate.swift in Sources */,
				B7BBDBFE292C42AF00CCBDFB /* Model.swift in Sources */,
			);
			runOnlyForDeploymentPostprocessing = 0;
		};
/* End PBXSourcesBuildPhase section */

/* Begin PBXVariantGroup section */
		B7BBDBF0292C3D4C00CCBDFB /* LaunchScreen.storyboard */ = {
			isa = PBXVariantGroup;
			children = (
				B7BBDBF1292C3D4C00CCBDFB /* Base */,
			);
			name = LaunchScreen.storyboard;
			sourceTree = "<group>";
		};
/* End PBXVariantGroup section */

/* Begin XCBuildConfiguration section */
		B7BBDBF4292C3D4C00CCBDFB /* Debug */ = {
			isa = XCBuildConfiguration;
			buildSettings = {
				ALWAYS_SEARCH_USER_PATHS = NO;
				CLANG_ANALYZER_NONNULL = YES;
				CLANG_ANALYZER_NUMBER_OBJECT_CONVERSION = YES_AGGRESSIVE;
				CLANG_CXX_LANGUAGE_STANDARD = "gnu++20";
				CLANG_ENABLE_MODULES = YES;
				CLANG_ENABLE_OBJC_ARC = YES;
				CLANG_ENABLE_OBJC_WEAK = YES;
				CLANG_WARN_BLOCK_CAPTURE_AUTORELEASING = YES;
				CLANG_WARN_BOOL_CONVERSION = YES;
				CLANG_WARN_COMMA = YES;
				CLANG_WARN_CONSTANT_CONVERSION = YES;
				CLANG_WARN_DEPRECATED_OBJC_IMPLEMENTATIONS = YES;
				CLANG_WARN_DIRECT_OBJC_ISA_USAGE = YES_ERROR;
				CLANG_WARN_DOCUMENTATION_COMMENTS = YES;
				CLANG_WARN_EMPTY_BODY = YES;
				CLANG_WARN_ENUM_CONVERSION = YES;
				CLANG_WARN_INFINITE_RECURSION = YES;
				CLANG_WARN_INT_CONVERSION = YES;
				CLANG_WARN_NON_LITERAL_NULL_CONVERSION = YES;
				CLANG_WARN_OBJC_IMPLICIT_RETAIN_SELF = YES;
				CLANG_WARN_OBJC_LITERAL_CONVERSION = YES;
				CLANG_WARN_OBJC_ROOT_CLASS = YES_ERROR;
				CLANG_WARN_QUOTED_INCLUDE_IN_FRAMEWORK_HEADER = YES;
				CLANG_WARN_RANGE_LOOP_ANALYSIS = YES;
				CLANG_WARN_STRICT_PROTOTYPES = YES;
				CLANG_WARN_SUSPICIOUS_MOVE = YES;
				CLANG_WARN_UNGUARDED_AVAILABILITY = YES_AGGRESSIVE;
				CLANG_WARN_UNREACHABLE_CODE = YES;
				CLANG_WARN__DUPLICATE_METHOD_MATCH = YES;
				COPY_PHASE_STRIP = NO;
				DEBUG_INFORMATION_FORMAT = dwarf;
				ENABLE_STRICT_OBJC_MSGSEND = YES;
				ENABLE_TESTABILITY = YES;
				GCC_C_LANGUAGE_STANDARD = gnu11;
				GCC_DYNAMIC_NO_PIC = NO;
				GCC_NO_COMMON_BLOCKS = YES;
				GCC_OPTIMIZATION_LEVEL = 0;
				GCC_PREPROCESSOR_DEFINITIONS = (
					"DEBUG=1",
					"$(inherited)",
				);
				GCC_WARN_64_TO_32_BIT_CONVERSION = YES;
				GCC_WARN_ABOUT_RETURN_TYPE = YES_ERROR;
				GCC_WARN_UNDECLARED_SELECTOR = YES;
				GCC_WARN_UNINITIALIZED_AUTOS = YES_AGGRESSIVE;
				GCC_WARN_UNUSED_FUNCTION = YES;
				GCC_WARN_UNUSED_VARIABLE = YES;
				IPHONEOS_DEPLOYMENT_TARGET = 16.0;
				MTL_ENABLE_DEBUG_INFO = INCLUDE_SOURCE;
				MTL_FAST_MATH = YES;
				ONLY_ACTIVE_ARCH = YES;
				SDKROOT = iphoneos;
				SWIFT_ACTIVE_COMPILATION_CONDITIONS = DEBUG;
				SWIFT_OPTIMIZATION_LEVEL = "-Onone";
			};
			name = Debug;
		};
		B7BBDBF5292C3D4C00CCBDFB /* Release */ = {
			isa = XCBuildConfiguration;
			buildSettings = {
				ALWAYS_SEARCH_USER_PATHS = NO;
				CLANG_ANALYZER_NONNULL = YES;
				CLANG_ANALYZER_NUMBER_OBJECT_CONVERSION = YES_AGGRESSIVE;
				CLANG_CXX_LANGUAGE_STANDARD = "gnu++20";
				CLANG_ENABLE_MODULES = YES;
				CLANG_ENABLE_OBJC_ARC = YES;
				CLANG_ENABLE_OBJC_WEAK = YES;
				CLANG_WARN_BLOCK_CAPTURE_AUTORELEASING = YES;
				CLANG_WARN_BOOL_CONVERSION = YES;
				CLANG_WARN_COMMA = YES;
				CLANG_WARN_CONSTANT_CONVERSION = YES;
				CLANG_WARN_DEPRECATED_OBJC_IMPLEMENTATIONS = YES;
				CLANG_WARN_DIRECT_OBJC_ISA_USAGE = YES_ERROR;
				CLANG_WARN_DOCUMENTATION_COMMENTS = YES;
				CLANG_WARN_EMPTY_BODY = YES;
				CLANG_WARN_ENUM_CONVERSION = YES;
				CLANG_WARN_INFINITE_RECURSION = YES;
				CLANG_WARN_INT_CONVERSION = YES;
				CLANG_WARN_NON_LITERAL_NULL_CONVERSION = YES;
				CLANG_WARN_OBJC_IMPLICIT_RETAIN_SELF = YES;
				CLANG_WARN_OBJC_LITERAL_CONVERSION = YES;
				CLANG_WARN_OBJC_ROOT_CLASS = YES_ERROR;
				CLANG_WARN_QUOTED_INCLUDE_IN_FRAMEWORK_HEADER = YES;
				CLANG_WARN_RANGE_LOOP_ANALYSIS = YES;
				CLANG_WARN_STRICT_PROTOTYPES = YES;
				CLANG_WARN_SUSPICIOUS_MOVE = YES;
				CLANG_WARN_UNGUARDED_AVAILABILITY = YES_AGGRESSIVE;
				CLANG_WARN_UNREACHABLE_CODE = YES;
				CLANG_WARN__DUPLICATE_METHOD_MATCH = YES;
				COPY_PHASE_STRIP = NO;
				DEBUG_INFORMATION_FORMAT = "dwarf-with-dsym";
				ENABLE_NS_ASSERTIONS = NO;
				ENABLE_STRICT_OBJC_MSGSEND = YES;
				GCC_C_LANGUAGE_STANDARD = gnu11;
				GCC_NO_COMMON_BLOCKS = YES;
				GCC_WARN_64_TO_32_BIT_CONVERSION = YES;
				GCC_WARN_ABOUT_RETURN_TYPE = YES_ERROR;
				GCC_WARN_UNDECLARED_SELECTOR = YES;
				GCC_WARN_UNINITIALIZED_AUTOS = YES_AGGRESSIVE;
				GCC_WARN_UNUSED_FUNCTION = YES;
				GCC_WARN_UNUSED_VARIABLE = YES;
				IPHONEOS_DEPLOYMENT_TARGET = 16.0;
				MTL_ENABLE_DEBUG_INFO = NO;
				MTL_FAST_MATH = YES;
				SDKROOT = iphoneos;
				SWIFT_COMPILATION_MODE = wholemodule;
				SWIFT_OPTIMIZATION_LEVEL = "-O";
				VALIDATE_PRODUCT = YES;
			};
			name = Release;
		};
		B7BBDBF7292C3D4C00CCBDFB /* Debug */ = {
			isa = XCBuildConfiguration;
			buildSettings = {
				ASSETCATALOG_COMPILER_APPICON_NAME = AppIcon;
				ASSETCATALOG_COMPILER_GLOBAL_ACCENT_COLOR_NAME = AccentColor;
				CODE_SIGN_STYLE = Automatic;
				CURRENT_PROJECT_VERSION = 1;
				GENERATE_INFOPLIST_FILE = YES;
				INFOPLIST_FILE = BreakingBadApp/Info.plist;
				INFOPLIST_KEY_UIApplicationSupportsIndirectInputEvents = YES;
				INFOPLIST_KEY_UILaunchStoryboardName = LaunchScreen;
				INFOPLIST_KEY_UISupportedInterfaceOrientations_iPad = "UIInterfaceOrientationPortrait UIInterfaceOrientationPortraitUpsideDown UIInterfaceOrientationLandscapeLeft UIInterfaceOrientationLandscapeRight";
				INFOPLIST_KEY_UISupportedInterfaceOrientations_iPhone = "UIInterfaceOrientationPortrait UIInterfaceOrientationLandscapeLeft UIInterfaceOrientationLandscapeRight";
				LD_RUNPATH_SEARCH_PATHS = (
					"$(inherited)",
					"@executable_path/Frameworks",
				);
				MARKETING_VERSION = 1.0;
				PRODUCT_BUNDLE_IDENTIFIER = "KHILCHENKO-ROMAN.BreakingBadApp";
				PRODUCT_NAME = "$(TARGET_NAME)";
				SWIFT_EMIT_LOC_STRINGS = YES;
				SWIFT_VERSION = 5.0;
				TARGETED_DEVICE_FAMILY = "1,2";
			};
			name = Debug;
		};
		B7BBDBF8292C3D4C00CCBDFB /* Release */ = {
			isa = XCBuildConfiguration;
			buildSettings = {
				ASSETCATALOG_COMPILER_APPICON_NAME = AppIcon;
				ASSETCATALOG_COMPILER_GLOBAL_ACCENT_COLOR_NAME = AccentColor;
				CODE_SIGN_STYLE = Automatic;
				CURRENT_PROJECT_VERSION = 1;
				GENERATE_INFOPLIST_FILE = YES;
				INFOPLIST_FILE = BreakingBadApp/Info.plist;
				INFOPLIST_KEY_UIApplicationSupportsIndirectInputEvents = YES;
				INFOPLIST_KEY_UILaunchStoryboardName = LaunchScreen;
				INFOPLIST_KEY_UISupportedInterfaceOrientations_iPad = "UIInterfaceOrientationPortrait UIInterfaceOrientationPortraitUpsideDown UIInterfaceOrientationLandscapeLeft UIInterfaceOrientationLandscapeRight";
				INFOPLIST_KEY_UISupportedInterfaceOrientations_iPhone = "UIInterfaceOrientationPortrait UIInterfaceOrientationLandscapeLeft UIInterfaceOrientationLandscapeRight";
				LD_RUNPATH_SEARCH_PATHS = (
					"$(inherited)",
					"@executable_path/Frameworks",
				);
				MARKETING_VERSION = 1.0;
				PRODUCT_BUNDLE_IDENTIFIER = "KHILCHENKO-ROMAN.BreakingBadApp";
				PRODUCT_NAME = "$(TARGET_NAME)";
				SWIFT_EMIT_LOC_STRINGS = YES;
				SWIFT_VERSION = 5.0;
				TARGETED_DEVICE_FAMILY = "1,2";
			};
			name = Release;
		};
/* End XCBuildConfiguration section */

/* Begin XCConfigurationList section */
		B7BBDBDD292C3D4B00CCBDFB /* Build configuration list for PBXProject "BreakingBadApp" */ = {
			isa = XCConfigurationList;
			buildConfigurations = (
				B7BBDBF4292C3D4C00CCBDFB /* Debug */,
				B7BBDBF5292C3D4C00CCBDFB /* Release */,
			);
			defaultConfigurationIsVisible = 0;
			defaultConfigurationName = Release;
		};
		B7BBDBF6292C3D4C00CCBDFB /* Build configuration list for PBXNativeTarget "BreakingBadApp" */ = {
			isa = XCConfigurationList;
			buildConfigurations = (
				B7BBDBF7292C3D4C00CCBDFB /* Debug */,
				B7BBDBF8292C3D4C00CCBDFB /* Release */,
			);
			defaultConfigurationIsVisible = 0;
			defaultConfigurationName = Release;
		};
/* End XCConfigurationList section */
	};
	rootObject = B7BBDBDA292C3D4B00CCBDFB /* Project object */;
}
